
Microsoft Visual Studio Solution File, Format Version 12.00
# Visual Studio 15
VisualStudioVersion = 15.0.28307.1321
MinimumVisualStudioVersion = 10.0.40219.1
Project("{FAE04EC0-301F-11D3-BF4B-00C04F79EFBC}") = "AirportClient", "AirportClient\AirportClient.csproj", "{FE3043C0-E96E-4A38-9642-B7A4DCDB6D6A}"
EndProject
Global
	GlobalSection(SolutionConfigurationPlatforms) = preSolution
		Debug|Any CPU = Debug|Any CPU
		Release|Any CPU = Release|Any CPU
	EndGlobalSection
	GlobalSection(ProjectConfigurationPlatforms) = postSolution
		{FE3043C0-E96E-4A38-9642-B7A4DCDB6D6A}.Debug|Any CPU.ActiveCfg = Debug|Any CPU
		{FE3043C0-E96E-4A38-9642-B7A4DCDB6D6A}.Debug|Any CPU.Build.0 = Debug|Any CPU
		{FE3043C0-E96E-4A38-9642-B7A4DCDB6D6A}.Release|Any CPU.ActiveCfg = Release|Any CPU
		{FE3043C0-E96E-4A38-9642-B7A4DCDB6D6A}.Release|Any CPU.Build.0 = Release|Any CPU
	EndGlobalSection
	GlobalSection(SolutionProperties) = preSolution
		HideSolutionNode = FALSE
	EndGlobalSection
	GlobalSection(ExtensibilityGlobals) = postSolution
		SolutionGuid = {2CDB4B34-137F-4A55-8695-E197C60C9E82}
	EndGlobalSection
EndGlobal
